
Microsoft Visual Studio Solution File, Format Version 12.00
# Visual Studio 15
VisualStudioVersion = 15.0.28307.539
MinimumVisualStudioVersion = 10.0.40219.1
Project("{FAE04EC0-301F-11D3-BF4B-00C04F79EFBC}") = "Criminal", "Criminal\Criminal.csproj", "{8EA3C1E9-742B-41C5-9D25-3E4DF31E160F}"
EndProject
Global
	GlobalSection(SolutionConfigurationPlatforms) = preSolution
		Debug|Any CPU = Debug|Any CPU
		Release|Any CPU = Release|Any CPU
	EndGlobalSection
	GlobalSection(ProjectConfigurationPlatforms) = postSolution
		{8EA3C1E9-742B-41C5-9D25-3E4DF31E160F}.Debug|Any CPU.ActiveCfg = Debug|Any CPU
		{8EA3C1E9-742B-41C5-9D25-3E4DF31E160F}.Debug|Any CPU.Build.0 = Debug|Any CPU
		{8EA3C1E9-742B-41C5-9D25-3E4DF31E160F}.Release|Any CPU.ActiveCfg = Release|Any CPU
		{8EA3C1E9-742B-41C5-9D25-3E4DF31E160F}.Release|Any CPU.Build.0 = Release|Any CPU
	EndGlobalSection
	GlobalSection(SolutionProperties) = preSolution
		HideSolutionNode = FALSE
	EndGlobalSection
	GlobalSection(ExtensibilityGlobals) = postSolution
		SolutionGuid = {E01F1DD3-D6E5-403B-BEA8-1B378BA60B81}
	EndGlobalSection
EndGlobal
